
Microsoft Visual Studio Solution File, Format Version 12.00
# Visual Studio Version 16
VisualStudioVersion = 16.0.31112.23
MinimumVisualStudioVersion = 10.0.40219.1
Project("{9A19103F-16F7-4668-BE54-9A1E7A4F7556}") = "Vues", "Projet\Vues\Vues.csproj", "{00289F6C-CCFF-4DFC-8814-F62DBB0F7B63}"
	ProjectSection(ProjectDependencies) = postProject
		{308DAD16-0BFE-4735-9A9B-7ADB0A16D7C4} = {308DAD16-0BFE-4735-9A9B-7ADB0A16D7C4}
		{374FDDA2-76C4-468D-9509-269B84AF0A27} = {374FDDA2-76C4-468D-9509-269B84AF0A27}
		{9918CCFC-6923-4912-8865-EEDBE7FD490A} = {9918CCFC-6923-4912-8865-EEDBE7FD490A}
	EndProjectSection
EndProject
Project("{9A19103F-16F7-4668-BE54-9A1E7A4F7556}") = "Modele", "Projet\Modele\Modele.csproj", "{9918CCFC-6923-4912-8865-EEDBE7FD490A}"
EndProject
Project("{9A19103F-16F7-4668-BE54-9A1E7A4F7556}") = "Test Fonctionnels", "Projet\Test Fonctionnels\Test Fonctionnels.csproj", "{F4A4C9FE-BAE1-4268-B80D-86FC2633AC20}"
EndProject
Project("{9A19103F-16F7-4668-BE54-9A1E7A4F7556}") = "Test Unitaire", "Projet\Test Unitaire\Test Unitaire.csproj", "{DB492339-19AB-4060-AA42-B13B83BB213B}"
EndProject
Project("{9A19103F-16F7-4668-BE54-9A1E7A4F7556}") = "Icones", "Projet\Icones\Icones.csproj", "{374FDDA2-76C4-468D-9509-269B84AF0A27}"
EndProject
Project("{9A19103F-16F7-4668-BE54-9A1E7A4F7556}") = "FolderExplorer", "Projet\FolderExplorer\FolderExplorer.csproj", "{308DAD16-0BFE-4735-9A9B-7ADB0A16D7C4}"
EndProject
Project("{9A19103F-16F7-4668-BE54-9A1E7A4F7556}") = "Logger", "Projet\Logger\Logger.csproj", "{EA153A60-B220-43CF-A790-C2DCDF7A8ADF}"
EndProject
Project("{9A19103F-16F7-4668-BE54-9A1E7A4F7556}") = "Stub", "Projet\Stub\Stub.csproj", "{58A40068-D09B-413F-89FD-16AEA4F28099}"
	ProjectSection(ProjectDependencies) = postProject
		{9918CCFC-6923-4912-8865-EEDBE7FD490A} = {9918CCFC-6923-4912-8865-EEDBE7FD490A}
	EndProjectSection
EndProject
Project("{9A19103F-16F7-4668-BE54-9A1E7A4F7556}") = "Persistance", "Projet\Persistance\Persistance.csproj", "{85102410-34A8-4718-A91B-F25385DFADE0}"
EndProject
Project("{54435603-DBB4-11D2-8724-00A0C9A8B90C}") = "Installer", "Projet\Installer\Installer.vdproj", "{A92370AD-4CA9-4A53-A69B-074B81C38667}"
EndProject
Global
	GlobalSection(SolutionConfigurationPlatforms) = preSolution
		Debug|Any CPU = Debug|Any CPU
		Release|Any CPU = Release|Any CPU
	EndGlobalSection
	GlobalSection(ProjectConfigurationPlatforms) = postSolution
		{00289F6C-CCFF-4DFC-8814-F62DBB0F7B63}.Debug|Any CPU.ActiveCfg = Debug|Any CPU
		{00289F6C-CCFF-4DFC-8814-F62DBB0F7B63}.Debug|Any CPU.Build.0 = Debug|Any CPU
		{00289F6C-CCFF-4DFC-8814-F62DBB0F7B63}.Release|Any CPU.ActiveCfg = Release|Any CPU
		{00289F6C-CCFF-4DFC-8814-F62DBB0F7B63}.Release|Any CPU.Build.0 = Release|Any CPU
		{9918CCFC-6923-4912-8865-EEDBE7FD490A}.Debug|Any CPU.ActiveCfg = Debug|Any CPU
		{9918CCFC-6923-4912-8865-EEDBE7FD490A}.Debug|Any CPU.Build.0 = Debug|Any CPU
		{9918CCFC-6923-4912-8865-EEDBE7FD490A}.Release|Any CPU.ActiveCfg = Release|Any CPU
		{9918CCFC-6923-4912-8865-EEDBE7FD490A}.Release|Any CPU.Build.0 = Release|Any CPU
		{F4A4C9FE-BAE1-4268-B80D-86FC2633AC20}.Debug|Any CPU.ActiveCfg = Debug|Any CPU
		{F4A4C9FE-BAE1-4268-B80D-86FC2633AC20}.Debug|Any CPU.Build.0 = Debug|Any CPU
		{F4A4C9FE-BAE1-4268-B80D-86FC2633AC20}.Release|Any CPU.ActiveCfg = Release|Any CPU
		{F4A4C9FE-BAE1-4268-B80D-86FC2633AC20}.Release|Any CPU.Build.0 = Release|Any CPU
		{DB492339-19AB-4060-AA42-B13B83BB213B}.Debug|Any CPU.ActiveCfg = Debug|Any CPU
		{DB492339-19AB-4060-AA42-B13B83BB213B}.Debug|Any CPU.Build.0 = Debug|Any CPU
		{DB492339-19AB-4060-AA42-B13B83BB213B}.Release|Any CPU.ActiveCfg = Release|Any CPU
		{DB492339-19AB-4060-AA42-B13B83BB213B}.Release|Any CPU.Build.0 = Release|Any CPU
		{374FDDA2-76C4-468D-9509-269B84AF0A27}.Debug|Any CPU.ActiveCfg = Debug|Any CPU
		{374FDDA2-76C4-468D-9509-269B84AF0A27}.Debug|Any CPU.Build.0 = Debug|Any CPU
		{374FDDA2-76C4-468D-9509-269B84AF0A27}.Release|Any CPU.ActiveCfg = Release|Any CPU
		{374FDDA2-76C4-468D-9509-269B84AF0A27}.Release|Any CPU.Build.0 = Release|Any CPU
		{308DAD16-0BFE-4735-9A9B-7ADB0A16D7C4}.Debug|Any CPU.ActiveCfg = Debug|Any CPU
		{308DAD16-0BFE-4735-9A9B-7ADB0A16D7C4}.Debug|Any CPU.Build.0 = Debug|Any CPU
		{308DAD16-0BFE-4735-9A9B-7ADB0A16D7C4}.Release|Any CPU.ActiveCfg = Release|Any CPU
		{308DAD16-0BFE-4735-9A9B-7ADB0A16D7C4}.Release|Any CPU.Build.0 = Release|Any CPU
		{EA153A60-B220-43CF-A790-C2DCDF7A8ADF}.Debug|Any CPU.ActiveCfg = Debug|Any CPU
		{EA153A60-B220-43CF-A790-C2DCDF7A8ADF}.Debug|Any CPU.Build.0 = Debug|Any CPU
		{EA153A60-B220-43CF-A790-C2DCDF7A8ADF}.Release|Any CPU.ActiveCfg = Release|Any CPU
		{EA153A60-B220-43CF-A790-C2DCDF7A8ADF}.Release|Any CPU.Build.0 = Release|Any CPU
		{58A40068-D09B-413F-89FD-16AEA4F28099}.Debug|Any CPU.ActiveCfg = Debug|Any CPU
		{58A40068-D09B-413F-89FD-16AEA4F28099}.Debug|Any CPU.Build.0 = Debug|Any CPU
		{58A40068-D09B-413F-89FD-16AEA4F28099}.Release|Any CPU.ActiveCfg = Release|Any CPU
		{58A40068-D09B-413F-89FD-16AEA4F28099}.Release|Any CPU.Build.0 = Release|Any CPU
		{85102410-34A8-4718-A91B-F25385DFADE0}.Debug|Any CPU.ActiveCfg = Debug|Any CPU
		{85102410-34A8-4718-A91B-F25385DFADE0}.Debug|Any CPU.Build.0 = Debug|Any CPU
		{85102410-34A8-4718-A91B-F25385DFADE0}.Release|Any CPU.ActiveCfg = Release|Any CPU
		{85102410-34A8-4718-A91B-F25385DFADE0}.Release|Any CPU.Build.0 = Release|Any CPU
		{A92370AD-4CA9-4A53-A69B-074B81C38667}.Debug|Any CPU.ActiveCfg = Release
		{A92370AD-4CA9-4A53-A69B-074B81C38667}.Release|Any CPU.ActiveCfg = Release
	EndGlobalSection
	GlobalSection(SolutionProperties) = preSolution
		HideSolutionNode = FALSE
	EndGlobalSection
	GlobalSection(ExtensibilityGlobals) = postSolution
		SolutionGuid = {63E1AFB8-4163-41FF-B498-6CA50C05D57E}
	EndGlobalSection
EndGlobal
